
Microsoft Visual Studio Solution File, Format Version 12.00
# Visual Studio Version 16
VisualStudioVersion = 16.0.31005.135
MinimumVisualStudioVersion = 10.0.40219.1
Project("{FAE04EC0-301F-11D3-BF4B-00C04F79EFBC}") = "API", "API\API.csproj", "{2E6A00CC-6383-4FB8-B150-C2F33CDD0522}"
EndProject
Global
	GlobalSection(SolutionConfigurationPlatforms) = preSolution
		Debug|Any CPU = Debug|Any CPU
		Release|Any CPU = Release|Any CPU
	EndGlobalSection
	GlobalSection(ProjectConfigurationPlatforms) = postSolution
		{2E6A00CC-6383-4FB8-B150-C2F33CDD0522}.Debug|Any CPU.ActiveCfg = Debug|Any CPU
		{2E6A00CC-6383-4FB8-B150-C2F33CDD0522}.Debug|Any CPU.Build.0 = Debug|Any CPU
		{2E6A00CC-6383-4FB8-B150-C2F33CDD0522}.Release|Any CPU.ActiveCfg = Release|Any CPU
		{2E6A00CC-6383-4FB8-B150-C2F33CDD0522}.Release|Any CPU.Build.0 = Release|Any CPU
	EndGlobalSection
	GlobalSection(SolutionProperties) = preSolution
		HideSolutionNode = FALSE
	EndGlobalSection
	GlobalSection(ExtensibilityGlobals) = postSolution
		SolutionGuid = {467EB9F0-0559-45E9-A31D-1CE157DD1B01}
	EndGlobalSection
EndGlobal
